dependencies:
  espressif/esp_tinyusb:
    dependencies: []
    source:
      path: /Users/robert/git/mouthpad_usb/esp32/components/espressif__esp_tinyusb
      type: local
    version: 1.7.6~2
  espressif/tinyusb:
    component_hash: aec03a6402b66695719fa1121b7d9eee8031922df5c8a3f4b54a51874f65bbd6
    dependencies:
    - name: idf
      require: private
      version: '>=5.0'
    source:
      registry_url: https://components.espressif.com/
      type: service
    targets:
    - esp32s2
    - esp32s3
    - esp32p4
    - esp32h4
    version: 0.18.0~5
  idf:
    source:
      type: idf
    version: 6.0.0
direct_dependencies:
- espressif/esp_tinyusb
- espressif/tinyusb
- idf
manifest_hash: b8560a6849f874178821dda87eaf8a737a8b216abb55e416c43ce79f793c38a3
target: esp32s3
version: 2.0.0
