dependencies:
  espressif/esp_tinyusb:
    component_hash: 18cfcc83bc28b66f008007843a995a6b78d3293ac7befedc93371605e212a06b
    dependencies:
    - name: idf
      require: private
      version: '>=5.0'
    - name: espressif/tinyusb
      registry_url: https://components.espressif.com
      require: public
      version: '>=0.17.0'
    source:
      registry_url: https://components.espressif.com/
      type: service
    targets:
    - esp32s2
    - esp32s3
    - esp32p4
    version: 2.0.0
  espressif/tinyusb:
    component_hash: 63dfbf468a7969844c714917eee452d678cd4ba27ed23b729df94dfa5d0b0a6f
    dependencies:
    - name: idf
      require: private
      version: '>=5.0'
    source:
      registry_url: https://components.espressif.com
      type: service
    targets:
    - esp32s2
    - esp32s3
    - esp32p4
    - esp32h4
    version: 0.19.0~1
  idf:
    source:
      type: idf
    version: 6.0.0
direct_dependencies:
- espressif/esp_tinyusb
manifest_hash: 321f236376b49da85007001b1dbb0632cca1a890fdc4546417e592251365b27e
target: esp32s3
version: 2.0.0
